
Microsoft Visual Studio Solution File, Format Version 12.00
# Visual Studio Version 17
VisualStudioVersion = 17.9.34616.47
MinimumVisualStudioVersion = 10.0.40219.1
Project("{888888A0-9F3D-457C-B088-3A5042F75D52}") = "proyecto01", "proyecto01.pyproj", "{B4D5B520-1360-4FF0-A581-E330CF6ACF2C}"
EndProject
Global
	GlobalSection(SolutionConfigurationPlatforms) = preSolution
		Debug|Any CPU = Debug|Any CPU
		Release|Any CPU = Release|Any CPU
	EndGlobalSection
	GlobalSection(ProjectConfigurationPlatforms) = postSolution
		{B4D5B520-1360-4FF0-A581-E330CF6ACF2C}.Debug|Any CPU.ActiveCfg = Debug|Any CPU
		{B4D5B520-1360-4FF0-A581-E330CF6ACF2C}.Release|Any CPU.ActiveCfg = Release|Any CPU
	EndGlobalSection
	GlobalSection(SolutionProperties) = preSolution
		HideSolutionNode = FALSE
	EndGlobalSection
	GlobalSection(ExtensibilityGlobals) = postSolution
		SolutionGuid = {E6E8D6A6-1CB8-4B96-AB18-369662F8CD05}
	EndGlobalSection
EndGlobal
